
Microsoft Visual Studio Solution File, Format Version 12.00
# Visual Studio Version 16
VisualStudioVersion = 16.0.31624.102
MinimumVisualStudioVersion = 10.0.40219.1
Project("{FAE04EC0-301F-11D3-BF4B-00C04F79EFBC}") = "P01AplikacjaWebowa", "P01AplikacjaWebowa\P01AplikacjaWebowa.csproj", "{C1A64C16-E816-40D7-B027-698C16048CF9}"
EndProject
Project("{FAE04EC0-301F-11D3-BF4B-00C04F79EFBC}") = "P02AplikacjaZawodnicy", "P02AplikacjaZawodnicy\P02AplikacjaZawodnicy.csproj", "{06405A77-664E-4344-940E-477887164BD6}"
EndProject
Global
	GlobalSection(SolutionConfigurationPlatforms) = preSolution
		Debug|Any CPU = Debug|Any CPU
		Release|Any CPU = Release|Any CPU
	EndGlobalSection
	GlobalSection(ProjectConfigurationPlatforms) = postSolution
		{C1A64C16-E816-40D7-B027-698C16048CF9}.Debug|Any CPU.ActiveCfg = Debug|Any CPU
		{C1A64C16-E816-40D7-B027-698C16048CF9}.Debug|Any CPU.Build.0 = Debug|Any CPU
		{C1A64C16-E816-40D7-B027-698C16048CF9}.Release|Any CPU.ActiveCfg = Release|Any CPU
		{C1A64C16-E816-40D7-B027-698C16048CF9}.Release|Any CPU.Build.0 = Release|Any CPU
		{06405A77-664E-4344-940E-477887164BD6}.Debug|Any CPU.ActiveCfg = Debug|Any CPU
		{06405A77-664E-4344-940E-477887164BD6}.Debug|Any CPU.Build.0 = Debug|Any CPU
		{06405A77-664E-4344-940E-477887164BD6}.Release|Any CPU.ActiveCfg = Release|Any CPU
		{06405A77-664E-4344-940E-477887164BD6}.Release|Any CPU.Build.0 = Release|Any CPU
	EndGlobalSection
	GlobalSection(SolutionProperties) = preSolution
		HideSolutionNode = FALSE
	EndGlobalSection
	GlobalSection(ExtensibilityGlobals) = postSolution
		SolutionGuid = {98CF6FE0-CF9D-43BF-BBD3-1FEF6011D61B}
	EndGlobalSection
EndGlobal
